<?xml version="1.0" encoding="utf-8"?>
<Project ToolsVersion="4.0" xmlns="http://schemas.microsoft.com/developer/msbuild/2003">
  <ItemGroup>
    <Filter Include="win32">
      <UniqueIdentifier>{84a8ebd7-7cf0-47f6-b75e-d441df67da40}</UniqueIdentifier>
    </Filter>
    <Filter Include="Classes">
      <UniqueIdentifier>{bb6c862e-70e9-49d9-81b7-3829a6f50471}</UniqueIdentifier>
    </Filter>
    <Filter Include="resource">
      <UniqueIdentifier>{715254bc-d70b-4ec5-bf29-467dd3ace079}</UniqueIdentifier>
    </Filter>
    <Filter Include="resource\Joystick">
      <UniqueIdentifier>{28ca7fdc-bd5e-4aa8-b115-3f4a0bd63836}</UniqueIdentifier>
    </Filter>
    <Filter Include="Classes\Scenes">
      <UniqueIdentifier>{8057c74d-84e8-4163-b3ca-3e2161a0e0b7}</UniqueIdentifier>
    </Filter>
    <Filter Include="resource\ParallaxBackgrounds">
      <UniqueIdentifier>{87ea6cbc-9968-4693-8098-f2add4d02d98}</UniqueIdentifier>
    </Filter>
    <Filter Include="resource\TileMaps">
      <UniqueIdentifier>{876a5efa-396f-4693-b74e-de0ee31d16b7}</UniqueIdentifier>
    </Filter>
    <Filter Include="Classes\Naga">
      <UniqueIdentifier>{331d21fc-44d5-4ae7-8c9b-d89809d09480}</UniqueIdentifier>
    </Filter>
    <Filter Include="Classes\Objects">
      <UniqueIdentifier>{f543b563-c80b-4895-b1fe-eb603dadcb54}</UniqueIdentifier>
    </Filter>
  </ItemGroup>
  <ItemGroup>
    <ClCompile Include="main.cpp">
      <Filter>win32</Filter>
    </ClCompile>
    <ClCompile Include="..\Classes\AppDelegate.cpp">
      <Filter>Classes</Filter>
    </ClCompile>
    <ClCompile Include="..\Classes\Naga\MemPool.cpp">
      <Filter>Classes\Naga</Filter>
    </ClCompile>
    <ClCompile Include="..\Classes\Naga\Object.cpp">
      <Filter>Classes\Naga</Filter>
    </ClCompile>
    <ClCompile Include="..\Classes\Naga\UniqueString.cpp">
      <Filter>Classes\Naga</Filter>
    </ClCompile>
    <ClCompile Include="..\Classes\Naga\Utility.cpp">
      <Filter>Classes\Naga</Filter>
    </ClCompile>
    <ClCompile Include="..\Classes\Scenes\GameOverScene.cpp">
      <Filter>Classes\Scenes</Filter>
    </ClCompile>
    <ClCompile Include="..\Classes\Scenes\GameScene.cpp">
      <Filter>Classes\Scenes</Filter>
    </ClCompile>
    <ClCompile Include="..\Classes\Scenes\MainMenuScene.cpp">
      <Filter>Classes\Scenes</Filter>
    </ClCompile>
    <ClCompile Include="..\Classes\Scenes\PauseScene.cpp">
      <Filter>Classes\Scenes</Filter>
    </ClCompile>
    <ClCompile Include="..\Classes\Scenes\StaticBackground.cpp">
      <Filter>Classes\Scenes</Filter>
    </ClCompile>
    <ClCompile Include="..\Classes\Scenes\JoystickLayer.cpp">
      <Filter>Classes\Scenes</Filter>
    </ClCompile>
    <ClCompile Include="..\Classes\Scenes\Joystick.cpp">
      <Filter>Classes\Scenes</Filter>
    </ClCompile>
    <ClCompile Include="..\Classes\Objects\GameObject.cpp">
      <Filter>Classes\Objects</Filter>
    </ClCompile>
    <ClCompile Include="..\Classes\Objects\Player.cpp">
      <Filter>Classes\Objects</Filter>
    </ClCompile>
    <ClCompile Include="..\Classes\Scenes\ScrollingBackground.cpp">
      <Filter>Classes\Scenes</Filter>
    </ClCompile>
  </ItemGroup>
  <ItemGroup>
    <ClInclude Include="main.h">
      <Filter>win32</Filter>
    </ClInclude>
    <ClInclude Include="..\Classes\AppDelegate.h">
      <Filter>Classes</Filter>
    </ClInclude>
    <ClInclude Include="..\Classes\Constants.h">
      <Filter>Classes</Filter>
    </ClInclude>
    <ClInclude Include="..\Classes\NagaAdapter.h" />
    <ClInclude Include="..\Classes\Naga\BitStatus.h">
      <Filter>Classes\Naga</Filter>
    </ClInclude>
    <ClInclude Include="..\Classes\Naga\Constants.h">
      <Filter>Classes\Naga</Filter>
    </ClInclude>
    <ClInclude Include="..\Classes\Naga\InterfaceID.h">
      <Filter>Classes\Naga</Filter>
    </ClInclude>
    <ClInclude Include="..\Classes\Naga\MemPool.h">
      <Filter>Classes\Naga</Filter>
    </ClInclude>
    <ClInclude Include="..\Classes\Naga\NagaLib.h">
      <Filter>Classes\Naga</Filter>
    </ClInclude>
    <ClInclude Include="..\Classes\Naga\Object.h">
      <Filter>Classes\Naga</Filter>
    </ClInclude>
    <ClInclude Include="..\Classes\Naga\Platform.h">
      <Filter>Classes\Naga</Filter>
    </ClInclude>
    <ClInclude Include="..\Classes\Naga\RefCounted.h">
      <Filter>Classes\Naga</Filter>
    </ClInclude>
    <ClInclude Include="..\Classes\Naga\Singleton.h">
      <Filter>Classes\Naga</Filter>
    </ClInclude>
    <ClInclude Include="..\Classes\Naga\SmartPointer.h">
      <Filter>Classes\Naga</Filter>
    </ClInclude>
    <ClInclude Include="..\Classes\Naga\StdInclude.h">
      <Filter>Classes\Naga</Filter>
    </ClInclude>
    <ClInclude Include="..\Classes\Naga\UniqueString.h">
      <Filter>Classes\Naga</Filter>
    </ClInclude>
    <ClInclude Include="..\Classes\Naga\Utility.h">
      <Filter>Classes\Naga</Filter>
    </ClInclude>
    <ClInclude Include="..\Classes\Scenes\GameOverScene.h">
      <Filter>Classes\Scenes</Filter>
    </ClInclude>
    <ClInclude Include="..\Classes\Scenes\GameScene.h">
      <Filter>Classes\Scenes</Filter>
    </ClInclude>
    <ClInclude Include="..\Classes\Scenes\MainMenuScene.h">
      <Filter>Classes\Scenes</Filter>
    </ClInclude>
    <ClInclude Include="..\Classes\Scenes\PauseScene.h">
      <Filter>Classes\Scenes</Filter>
    </ClInclude>
    <ClInclude Include="..\Classes\Scenes\StaticBackground.h">
      <Filter>Classes\Scenes</Filter>
    </ClInclude>
    <ClInclude Include="..\Classes\Scenes\JoystickLayer.h">
      <Filter>Classes\Scenes</Filter>
    </ClInclude>
    <ClInclude Include="..\Classes\Scenes\Joystick.h">
      <Filter>Classes\Scenes</Filter>
    </ClInclude>
    <ClInclude Include="..\Classes\Objects\GameObject.h">
      <Filter>Classes\Objects</Filter>
    </ClInclude>
    <ClInclude Include="..\Classes\Objects\Player.h">
      <Filter>Classes\Objects</Filter>
    </ClInclude>
    <ClInclude Include="..\Classes\Scenes\ScrollingBackground.h">
      <Filter>Classes\Scenes</Filter>
    </ClInclude>
  </ItemGroup>
  <ItemGroup>
    <ResourceCompile Include="game.rc">
      <Filter>resource</Filter>
    </ResourceCompile>
  </ItemGroup>
  <ItemGroup>
    <Image Include="..\Resources\Joystick\dpadDown-hd.png">
      <Filter>resource\Joystick</Filter>
    </Image>
    <Image Include="..\Resources\Joystick\dpadDown.png">
      <Filter>resource\Joystick</Filter>
    </Image>
    <Image Include="..\Resources\Joystick\joystickDown-hd.png">
      <Filter>resource\Joystick</Filter>
    </Image>
    <Image Include="..\Resources\Joystick\joystickDown.png">
      <Filter>resource\Joystick</Filter>
    </Image>
    <Image Include="..\Resources\ParallaxBackgrounds\chap9_scrolling1.png">
      <Filter>resource\ParallaxBackgrounds</Filter>
    </Image>
    <Image Include="..\Resources\ParallaxBackgrounds\chap9_scrolling1iPhone.png">
      <Filter>resource\ParallaxBackgrounds</Filter>
    </Image>
    <Image Include="..\Resources\ParallaxBackgrounds\chap9_scrolling1iPhone-hd.png">
      <Filter>resource\ParallaxBackgrounds</Filter>
    </Image>
    <Image Include="..\Resources\ParallaxBackgrounds\chap9_scrolling2.png">
      <Filter>resource\ParallaxBackgrounds</Filter>
    </Image>
    <Image Include="..\Resources\ParallaxBackgrounds\chap9_scrolling2iPhone.png">
      <Filter>resource\ParallaxBackgrounds</Filter>
    </Image>
    <Image Include="..\Resources\ParallaxBackgrounds\chap9_scrolling2iPhone-hd.png">
      <Filter>resource\ParallaxBackgrounds</Filter>
    </Image>
    <Image Include="..\Resources\ParallaxBackgrounds\chap9_scrolling3.png">
      <Filter>resource\ParallaxBackgrounds</Filter>
    </Image>
    <Image Include="..\Resources\ParallaxBackgrounds\chap9_scrolling3iPhone.png">
      <Filter>resource\ParallaxBackgrounds</Filter>
    </Image>
    <Image Include="..\Resources\ParallaxBackgrounds\chap9_scrolling3iPhone-hd.png">
      <Filter>resource\ParallaxBackgrounds</Filter>
    </Image>
    <Image Include="..\Resources\ParallaxBackgrounds\chap9_scrolling4.png">
      <Filter>resource\ParallaxBackgrounds</Filter>
    </Image>
    <Image Include="..\Resources\ParallaxBackgrounds\chap9_scrolling4iPhone.png">
      <Filter>resource\ParallaxBackgrounds</Filter>
    </Image>
    <Image Include="..\Resources\ParallaxBackgrounds\chap9_scrolling4iPhone-hd.png">
      <Filter>resource\ParallaxBackgrounds</Filter>
    </Image>
    <Image Include="..\Resources\ParallaxBackgrounds\FlatScrollingLayer.png">
      <Filter>resource\ParallaxBackgrounds</Filter>
    </Image>
    <Image Include="..\Resources\ParallaxBackgrounds\FlatScrollingLayeriPhone.png">
      <Filter>resource\ParallaxBackgrounds</Filter>
    </Image>
    <Image Include="..\Resources\ParallaxBackgrounds\FlatScrollingLayeriPhone-hd.png">
      <Filter>resource\ParallaxBackgrounds</Filter>
    </Image>
    <Image Include="..\Resources\TileMaps\TilesTextureAtlas.png">
      <Filter>resource\TileMaps</Filter>
    </Image>
    <Image Include="..\Resources\CloseNormal.png">
      <Filter>resource</Filter>
    </Image>
    <Image Include="..\Resources\CloseSelected.png">
      <Filter>resource</Filter>
    </Image>
    <Image Include="..\Resources\Default-568h%402x.png">
      <Filter>resource</Filter>
    </Image>
    <Image Include="..\Resources\HelloWorld.png">
      <Filter>resource</Filter>
    </Image>
    <Image Include="..\Resources\mainmenuscenebg.png">
      <Filter>resource</Filter>
    </Image>
    <Image Include="..\Resources\MainSceneBG.png">
      <Filter>resource</Filter>
    </Image>
    <Image Include="..\Resources\pausebtn.png">
      <Filter>resource</Filter>
    </Image>
    <Image Include="..\Resources\pausebtnC.png">
      <Filter>resource</Filter>
    </Image>
    <Image Include="..\Resources\PauseScene.PNG">
      <Filter>resource</Filter>
    </Image>
    <Image Include="..\Resources\transparentbutton.png">
      <Filter>resource</Filter>
    </Image>
    <Image Include="..\Resources\transparentbuttonC.png">
      <Filter>resource</Filter>
    </Image>
  </ItemGroup>
  <ItemGroup>
    <None Include="..\Resources\TileMaps\Level2TileMap.tmx">
      <Filter>resource\TileMaps</Filter>
    </None>
    <None Include="..\Resources\TileMaps\Level2TileMapiPhone.tmx">
      <Filter>resource\TileMaps</Filter>
    </None>
    <None Include="..\Resources\TileMaps\Level2TileMapiPhone-hd.tmx">
      <Filter>resource\TileMaps</Filter>
    </None>
  </ItemGroup>
</Project>